
Microsoft Visual Studio Solution File, Format Version 12.00
# Visual Studio Version 17
VisualStudioVersion = 17.8.34408.163
MinimumVisualStudioVersion = 10.0.40219.1
Project("{FAE04EC0-301F-11D3-BF4B-00C04F79EFBC}") = "Mission10", "Mission10.csproj", "{B9AF0209-7E02-4760-A2A4-9AFB2672AD33}"
EndProject
Global
	GlobalSection(SolutionConfigurationPlatforms) = preSolution
		Debug|Any CPU = Debug|Any CPU
		Release|Any CPU = Release|Any CPU
	EndGlobalSection
	GlobalSection(ProjectConfigurationPlatforms) = postSolution
		{B9AF0209-7E02-4760-A2A4-9AFB2672AD33}.Debug|Any CPU.ActiveCfg = Debug|Any CPU
		{B9AF0209-7E02-4760-A2A4-9AFB2672AD33}.Debug|Any CPU.Build.0 = Debug|Any CPU
		{B9AF0209-7E02-4760-A2A4-9AFB2672AD33}.Release|Any CPU.ActiveCfg = Release|Any CPU
		{B9AF0209-7E02-4760-A2A4-9AFB2672AD33}.Release|Any CPU.Build.0 = Release|Any CPU
	EndGlobalSection
	GlobalSection(SolutionProperties) = preSolution
		HideSolutionNode = FALSE
	EndGlobalSection
	GlobalSection(ExtensibilityGlobals) = postSolution
		SolutionGuid = {AB4A279B-6660-4BB3-9B0C-2C0A97667CC0}
	EndGlobalSection
EndGlobal
